
Microsoft Visual Studio Solution File, Format Version 12.00
# Visual Studio 15
VisualStudioVersion = 15.0.27703.2042
MinimumVisualStudioVersion = 10.0.40219.1
Project("{FAE04EC0-301F-11D3-BF4B-00C04F79EFBC}") = "NetDemoCode", "NetDemoCode\NetDemoCode.csproj", "{77C27AD4-40D9-45AF-96DF-62D6C5627CBB}"
EndProject
Project("{FAE04EC0-301F-11D3-BF4B-00C04F79EFBC}") = "BAL", "BAL\BAL.csproj", "{34494794-988F-4AA0-A40B-3913A731034A}"
EndProject
Global
	GlobalSection(SolutionConfigurationPlatforms) = preSolution
		Debug|Any CPU = Debug|Any CPU
		Debug|x64 = Debug|x64
		Release|Any CPU = Release|Any CPU
		Release|x64 = Release|x64
	EndGlobalSection
	GlobalSection(ProjectConfigurationPlatforms) = postSolution
		{77C27AD4-40D9-45AF-96DF-62D6C5627CBB}.Debug|Any CPU.ActiveCfg = Debug|Any CPU
		{77C27AD4-40D9-45AF-96DF-62D6C5627CBB}.Debug|Any CPU.Build.0 = Debug|Any CPU
		{77C27AD4-40D9-45AF-96DF-62D6C5627CBB}.Debug|x64.ActiveCfg = Debug|Any CPU
		{77C27AD4-40D9-45AF-96DF-62D6C5627CBB}.Debug|x64.Build.0 = Debug|Any CPU
		{77C27AD4-40D9-45AF-96DF-62D6C5627CBB}.Release|Any CPU.ActiveCfg = Release|Any CPU
		{77C27AD4-40D9-45AF-96DF-62D6C5627CBB}.Release|Any CPU.Build.0 = Release|Any CPU
		{77C27AD4-40D9-45AF-96DF-62D6C5627CBB}.Release|x64.ActiveCfg = Release|Any CPU
		{77C27AD4-40D9-45AF-96DF-62D6C5627CBB}.Release|x64.Build.0 = Release|Any CPU
		{34494794-988F-4AA0-A40B-3913A731034A}.Debug|Any CPU.ActiveCfg = Debug|Any CPU
		{34494794-988F-4AA0-A40B-3913A731034A}.Debug|Any CPU.Build.0 = Debug|Any CPU
		{34494794-988F-4AA0-A40B-3913A731034A}.Debug|x64.ActiveCfg = Debug|x64
		{34494794-988F-4AA0-A40B-3913A731034A}.Debug|x64.Build.0 = Debug|x64
		{34494794-988F-4AA0-A40B-3913A731034A}.Release|Any CPU.ActiveCfg = Release|Any CPU
		{34494794-988F-4AA0-A40B-3913A731034A}.Release|Any CPU.Build.0 = Release|Any CPU
		{34494794-988F-4AA0-A40B-3913A731034A}.Release|x64.ActiveCfg = Release|x64
		{34494794-988F-4AA0-A40B-3913A731034A}.Release|x64.Build.0 = Release|x64
	EndGlobalSection
	GlobalSection(SolutionProperties) = preSolution
		HideSolutionNode = FALSE
	EndGlobalSection
	GlobalSection(ExtensibilityGlobals) = postSolution
		SolutionGuid = {ABA3C8D4-0D33-4282-BC27-B02E0F6409C0}
	EndGlobalSection
EndGlobal
